
Microsoft Visual Studio Solution File, Format Version 12.00
# Visual Studio Version 16
VisualStudioVersion = 16.0.32510.428
MinimumVisualStudioVersion = 10.0.40219.1
Project("{FAE04EC0-301F-11D3-BF4B-00C04F79EFBC}") = "Library_System", "Library_System.csproj", "{ECA6020F-3C3F-4BAC-8B52-89FFC945A09F}"
EndProject
Global
	GlobalSection(SolutionConfigurationPlatforms) = preSolution
		Debug|Any CPU = Debug|Any CPU
		Release|Any CPU = Release|Any CPU
	EndGlobalSection
	GlobalSection(ProjectConfigurationPlatforms) = postSolution
		{ECA6020F-3C3F-4BAC-8B52-89FFC945A09F}.Debug|Any CPU.ActiveCfg = Debug|Any CPU
		{ECA6020F-3C3F-4BAC-8B52-89FFC945A09F}.Debug|Any CPU.Build.0 = Debug|Any CPU
		{ECA6020F-3C3F-4BAC-8B52-89FFC945A09F}.Release|Any CPU.ActiveCfg = Release|Any CPU
		{ECA6020F-3C3F-4BAC-8B52-89FFC945A09F}.Release|Any CPU.Build.0 = Release|Any CPU
	EndGlobalSection
	GlobalSection(SolutionProperties) = preSolution
		HideSolutionNode = FALSE
	EndGlobalSection
	GlobalSection(ExtensibilityGlobals) = postSolution
		SolutionGuid = {906AD80B-C0E6-4F6D-8ABA-28128C19CD37}
	EndGlobalSection
EndGlobal
